
Microsoft Visual Studio Solution File, Format Version 12.00
# Visual Studio Version 17
VisualStudioVersion = 17.3.32819.101
MinimumVisualStudioVersion = 10.0.40219.1
Project("{FAE04EC0-301F-11D3-BF4B-00C04F79EFBC}") = "MazePathSolver", "MazePathSolver\MazePathSolver.csproj", "{EE7A64EC-5A70-4F12-BC6D-22D58DFA9E62}"
EndProject
Global
	GlobalSection(SolutionConfigurationPlatforms) = preSolution
		Debug|Any CPU = Debug|Any CPU
		Release|Any CPU = Release|Any CPU
	EndGlobalSection
	GlobalSection(ProjectConfigurationPlatforms) = postSolution
		{EE7A64EC-5A70-4F12-BC6D-22D58DFA9E62}.Debug|Any CPU.ActiveCfg = Debug|Any CPU
		{EE7A64EC-5A70-4F12-BC6D-22D58DFA9E62}.Debug|Any CPU.Build.0 = Debug|Any CPU
		{EE7A64EC-5A70-4F12-BC6D-22D58DFA9E62}.Release|Any CPU.ActiveCfg = Release|Any CPU
		{EE7A64EC-5A70-4F12-BC6D-22D58DFA9E62}.Release|Any CPU.Build.0 = Release|Any CPU
	EndGlobalSection
	GlobalSection(SolutionProperties) = preSolution
		HideSolutionNode = FALSE
	EndGlobalSection
	GlobalSection(ExtensibilityGlobals) = postSolution
		SolutionGuid = {DFB31F2F-DCEE-4314-B6CD-2797F8524EAD}
	EndGlobalSection
EndGlobal
